
Microsoft Visual Studio Solution File, Format Version 12.00
# Visual Studio Version 16
VisualStudioVersion = 16.0.31515.178
MinimumVisualStudioVersion = 10.0.40219.1
Project("{FAE04EC0-301F-11D3-BF4B-00C04F79EFBC}") = "Utopian-Tree", "Utopian-Tree\Utopian-Tree.csproj", "{51BE6808-9EC9-489C-8687-7430CE389D34}"
EndProject
Global
	GlobalSection(SolutionConfigurationPlatforms) = preSolution
		Debug|Any CPU = Debug|Any CPU
		Release|Any CPU = Release|Any CPU
	EndGlobalSection
	GlobalSection(ProjectConfigurationPlatforms) = postSolution
		{51BE6808-9EC9-489C-8687-7430CE389D34}.Debug|Any CPU.ActiveCfg = Debug|Any CPU
		{51BE6808-9EC9-489C-8687-7430CE389D34}.Debug|Any CPU.Build.0 = Debug|Any CPU
		{51BE6808-9EC9-489C-8687-7430CE389D34}.Release|Any CPU.ActiveCfg = Release|Any CPU
		{51BE6808-9EC9-489C-8687-7430CE389D34}.Release|Any CPU.Build.0 = Release|Any CPU
	EndGlobalSection
	GlobalSection(SolutionProperties) = preSolution
		HideSolutionNode = FALSE
	EndGlobalSection
	GlobalSection(ExtensibilityGlobals) = postSolution
		SolutionGuid = {2D5F3592-279A-44BA-802C-769D752C52B3}
	EndGlobalSection
EndGlobal
