
Microsoft Visual Studio Solution File, Format Version 12.00
# Visual Studio Version 16
VisualStudioVersion = 16.0.31613.86
MinimumVisualStudioVersion = 10.0.40219.1
Project("{FAE04EC0-301F-11D3-BF4B-00C04F79EFBC}") = "Utopian-Tree", "Utopian-Tree\Utopian-Tree.csproj", "{4ED292B1-CF06-46EC-9A94-6DD6EB458E63}"
EndProject
Global
	GlobalSection(SolutionConfigurationPlatforms) = preSolution
		Debug|Any CPU = Debug|Any CPU
		Release|Any CPU = Release|Any CPU
	EndGlobalSection
	GlobalSection(ProjectConfigurationPlatforms) = postSolution
		{4ED292B1-CF06-46EC-9A94-6DD6EB458E63}.Debug|Any CPU.ActiveCfg = Debug|Any CPU
		{4ED292B1-CF06-46EC-9A94-6DD6EB458E63}.Debug|Any CPU.Build.0 = Debug|Any CPU
		{4ED292B1-CF06-46EC-9A94-6DD6EB458E63}.Release|Any CPU.ActiveCfg = Release|Any CPU
		{4ED292B1-CF06-46EC-9A94-6DD6EB458E63}.Release|Any CPU.Build.0 = Release|Any CPU
	EndGlobalSection
	GlobalSection(SolutionProperties) = preSolution
		HideSolutionNode = FALSE
	EndGlobalSection
	GlobalSection(ExtensibilityGlobals) = postSolution
		SolutionGuid = {655FF7EE-FCA5-4BCD-92A4-C7B21D9C2B85}
	EndGlobalSection
EndGlobal
